# This file is automatically @generated by Cargo.
# It is not intended for manual editing.
version = 3

[[package]]
name = "aho-corasick"
version = "0.5.1"
source = "registry+https://github.com/rust-lang/crates.io-index"
checksum = "67077478f0a03952bed2e6786338d400d40c25e9836e08ad50af96607317fd03"
dependencies = [
 "memchr",
]

[[package]]
name = "autocfg"
version = "1.1.0"
source = "registry+https://github.com/rust-lang/crates.io-index"
checksum = "d468802bab17cbc0cc575e9b053f41e72aa36bfa6b7f55e3529ffa43161b97fa"

[[package]]
name = "bitflags"
version = "0.3.3"
source = "registry+https://github.com/rust-lang/crates.io-index"
checksum = "32866f4d103c4e438b1db1158aa1b1a80ee078e5d77a59a2f906fd62a577389c"

[[package]]
name = "byteorder"
version = "0.3.13"
source = "registry+https://github.com/rust-lang/crates.io-index"
checksum = "29b2aa490a8f546381308d68fc79e6bd753cd3ad839f7a7172897f1feedfa175"

[[package]]
name = "byteorder"
version = "0.4.2"
source = "registry+https://github.com/rust-lang/crates.io-index"
checksum = "96c8b41881888cc08af32d47ac4edd52bc7fa27fef774be47a92443756451304"

[[package]]
name = "bytes"
version = "1.4.0"
source = "registry+https://github.com/rust-lang/crates.io-index"
checksum = "89b2fd2a0dcf38d7971e2194b6b6eebab45ae01067456a7fd93d5547a61b70be"

[[package]]
name = "cfg-if"
version = "1.0.0"
source = "registry+https://github.com/rust-lang/crates.io-index"
checksum = "baf1de4339761588bc0619e3cbc0120ee582ebb74b53b4efbf79117bd2da40fd"

[[package]]
name = "clippy"
version = "0.0.23"
source = "registry+https://github.com/rust-lang/crates.io-index"
checksum = "1ce8290038a10a7ff94a4eeb7868d32a32184ee0f47c0f602ea93f193c546a8b"
dependencies = [
 "unicode-normalization",
]

[[package]]
name = "collenchyma"
version = "0.0.8"
source = "registry+https://github.com/rust-lang/crates.io-index"
checksum = "1527f935a91d6ba6a96196d6ab3b511f599adfab2356ddf0487fa666fb7c8800"
dependencies = [
 "bitflags",
 "byteorder 0.4.2",
 "enum_primitive",
 "lazy_static",
 "libc",
 "linear-map",
 "num",
]

[[package]]
name = "collenchyma-blas"
version = "0.2.0"
source = "registry+https://github.com/rust-lang/crates.io-index"
checksum = "96f5b3b4f0f4fa17ea7b3e83a9cca502a93e7b0dddb557e10d5899aef19936f4"
dependencies = [
 "collenchyma",
 "cublas",
 "lazy_static",
 "rblas",
]

[[package]]
name = "collenchyma-nn"
version = "0.3.4"
source = "registry+https://github.com/rust-lang/crates.io-index"
checksum = "22ccb10a95e5ebfb7076c9fee1b15e075bc9737cbdba7ed185e37338d62c05c5"
dependencies = [
 "collenchyma",
 "cudnn",
 "lazy_static",
 "libc",
 "log 0.3.5",
]

[[package]]
name = "csv"
version = "0.14.3"
source = "registry+https://github.com/rust-lang/crates.io-index"
checksum = "8fcb0d28c18dd9dafa7e5efd49d591f3383d12073568a3f7e0b5bc7c25a1bebc"
dependencies = [
 "byteorder 0.3.13",
 "rustc-serialize",
]

[[package]]
name = "cublas"
version = "0.2.0"
source = "registry+https://github.com/rust-lang/crates.io-index"
checksum = "acaae46a3885959ab6dfb9efc8c2e2d15077d8e9aa9bf67346a571cd809f1097"
dependencies = [
 "cublas-sys",
 "libc",
]

[[package]]
name = "cublas-sys"
version = "0.1.0"
source = "registry+https://github.com/rust-lang/crates.io-index"
checksum = "c4c2ac9e8bc7488ef24db3b6b98117cf2cb865d346d21a5d5967b00364714633"
dependencies = [
 "libc",
 "pkg-config",
]

[[package]]
name = "cudnn"
version = "1.3.1"
source = "registry+https://github.com/rust-lang/crates.io-index"
checksum = "ffdc1c092a24f377a33e59262a097ace87ba4f5de3b3446c98c60dbf5da99a01"
dependencies = [
 "cudnn-sys",
 "libc",
]

[[package]]
name = "cudnn-sys"
version = "0.0.3"
source = "registry+https://github.com/rust-lang/crates.io-index"
checksum = "51829eb4a92cfc28a8c1bac43f2ac16aa701ce9bcb9d10c2a3ce38dbc49e4c67"
dependencies = [
 "libc",
 "pkg-config",
]

[[package]]
name = "docopt"
version = "0.6.78"
source = "registry+https://github.com/rust-lang/crates.io-index"
checksum = "55792ca5bb933e55a3e17888838883f854b029945310c9a0ea4f65ebda366155"
dependencies = [
 "regex",
 "rustc-serialize",
 "strsim",
]

[[package]]
name = "enum_primitive"
version = "0.1.0"
source = "registry+https://github.com/rust-lang/crates.io-index"
checksum = "f79eff5be92a4d7d5bddf7daa7d650717ea71628634efe6ca7bcda85b2183c23"
dependencies = [
 "num",
]

[[package]]
name = "env_logger"
version = "0.3.2"
source = "registry+https://github.com/rust-lang/crates.io-index"
checksum = "b6bbe7c0b619c81b9a1fd122ab3c7ef19a7b27cdba3c8486314b6f275ca211a4"
dependencies = [
 "log 0.3.5",
 "regex",
]

[[package]]
name = "fnv"
version = "1.0.7"
source = "registry+https://github.com/rust-lang/crates.io-index"
checksum = "3f9eec918d3f24069decb9af1554cad7c880e2da24a9afd88aca000531ab82c1"

[[package]]
name = "futures-channel"
version = "0.3.28"
source = "registry+https://github.com/rust-lang/crates.io-index"
checksum = "955518d47e09b25bbebc7a18df10b81f0c766eaf4c4f1cccef2fca5f2a4fb5f2"
dependencies = [
 "futures-core",
]

[[package]]
name = "futures-core"
version = "0.3.28"
source = "registry+https://github.com/rust-lang/crates.io-index"
checksum = "4bca583b7e26f571124fe5b7561d49cb2868d79116cfa0eefce955557c6fee8c"

[[package]]
name = "futures-task"
version = "0.3.28"
source = "registry+https://github.com/rust-lang/crates.io-index"
checksum = "76d3d132be6c0e6aa1534069c705a74a5997a356c0dc2f86a47765e5617c5b65"

[[package]]
name = "futures-util"
version = "0.3.28"
source = "registry+https://github.com/rust-lang/crates.io-index"
checksum = "26b01e40b772d54cf6c6d721c1d1abd0647a0106a12ecaa1c186273392a69533"
dependencies = [
 "futures-core",
 "futures-task",
 "pin-project-lite",
 "pin-utils",
]

[[package]]
name = "http"
version = "0.2.9"
source = "registry+https://github.com/rust-lang/crates.io-index"
checksum = "bd6effc99afb63425aff9b05836f029929e345a6148a14b7ecd5ab67af944482"
dependencies = [
 "bytes",
 "fnv",
 "itoa",
]

[[package]]
name = "http-body"
version = "0.4.5"
source = "registry+https://github.com/rust-lang/crates.io-index"
checksum = "d5f38f16d184e36f2408a55281cd658ecbd3ca05cce6d6510a176eca393e26d1"
dependencies = [
 "bytes",
 "http",
 "pin-project-lite",
]

[[package]]
name = "httparse"
version = "1.8.0"
source = "registry+https://github.com/rust-lang/crates.io-index"
checksum = "d897f394bad6a705d5f4104762e116a75639e470d80901eed05a860a95cb1904"

[[package]]
name = "httpdate"
version = "1.0.2"
source = "registry+https://github.com/rust-lang/crates.io-index"
checksum = "c4a1e36c821dbe04574f602848a19f742f4fb3c98d40449f11bcad18d6b17421"

[[package]]
name = "hyper"
version = "0.14.26"
source = "registry+https://github.com/rust-lang/crates.io-index"
checksum = "ab302d72a6f11a3b910431ff93aae7e773078c769f0a3ef15fb9ec692ed147d4"
dependencies = [
 "bytes",
 "futures-channel",
 "futures-core",
 "futures-util",
 "http",
 "http-body",
 "httparse",
 "httpdate",
 "itoa",
 "pin-project-lite",
 "tokio",
 "tower-service",
 "tracing",
 "want",
]

[[package]]
name = "itoa"
version = "1.0.6"
source = "registry+https://github.com/rust-lang/crates.io-index"
checksum = "453ad9f582a441959e5f0d088b02ce04cfe8d51a8eaf077f12ac6d3e94164ca6"

[[package]]
name = "kernel32-sys"
version = "0.2.1"
source = "registry+https://github.com/rust-lang/crates.io-index"
checksum = "b5b5e7edf375e6d26243bde172f1d5ed1446f4a766fc9b7006e1fd27258243f1"
dependencies = [
 "winapi",
 "winapi-build",
]

[[package]]
name = "lazy_static"
version = "0.1.15"
source = "registry+https://github.com/rust-lang/crates.io-index"
checksum = "547fd11b0400fbab39f7a6df53c648cfb01b977233015d9e0784d595a5a6c449"

[[package]]
name = "leaf"
version = "0.2.0"
source = "registry+https://github.com/rust-lang/crates.io-index"
checksum = "0beaa4a4d407ce19e14573e8f7f84b20c67598370904c15f358d78651c53e23a"
dependencies = [
 "collenchyma",
 "collenchyma-blas",
 "collenchyma-nn",
 "log 0.3.5",
 "num",
 "rand",
 "timeit",
]

[[package]]
name = "leaf-examples"
version = "0.1.0"
dependencies = [
 "clippy",
 "collenchyma",
 "collenchyma-blas",
 "csv",
 "docopt",
 "env_logger",
 "hyper",
 "leaf",
 "log 0.3.5",
 "rustc-serialize",
]

[[package]]
name = "libc"
version = "0.2.7"
source = "registry+https://github.com/rust-lang/crates.io-index"
checksum = "4870ef6725dde13394134e587e4ab4eca13cb92e916209a31c851b49131d3c75"

[[package]]
name = "linear-map"
version = "0.0.4"
source = "registry+https://github.com/rust-lang/crates.io-index"
checksum = "5b7d97122986f3e0dd7a0adab5c7095aaa25b5150dbd0d3d7124862f26f4fc95"

[[package]]
name = "log"
version = "0.3.5"
source = "registry+https://github.com/rust-lang/crates.io-index"
checksum = "038b5d13189a14e5b6ac384fdb7c691a45ef0885f6d2dddbf422e6c3506b8234"
dependencies = [
 "libc",
]

[[package]]
name = "log"
version = "0.4.19"
source = "registry+https://github.com/rust-lang/crates.io-index"
checksum = "b06a4cde4c0f271a446782e3eff8de789548ce57dbc8eca9292c27f4a42004b4"

[[package]]
name = "memchr"
version = "0.1.10"
source = "registry+https://github.com/rust-lang/crates.io-index"
checksum = "c98adb597263e245c6ffe48dc50d338b51acb8cc53e8e7b3e9c21f53c0a411cb"
dependencies = [
 "libc",
]

[[package]]
name = "num"
version = "0.1.31"
source = "registry+https://github.com/rust-lang/crates.io-index"
checksum = "be45b3e341522564415a07118d7cf44896d0919e7a1bb21d59ad82af48256324"
dependencies = [
 "rand",
 "rustc-serialize",
]

[[package]]
name = "once_cell"
version = "1.18.0"
source = "registry+https://github.com/rust-lang/crates.io-index"
checksum = "dd8b5dd2ae5ed71462c540258bedcb51965123ad7e7ccf4b9a8cafaa4a63576d"

[[package]]
name = "pin-project-lite"
version = "0.2.9"
source = "registry+https://github.com/rust-lang/crates.io-index"
checksum = "e0a7ae3ac2f1173085d398531c705756c94a4c56843785df85a60c1a0afac116"

[[package]]
name = "pin-utils"
version = "0.1.0"
source = "registry+https://github.com/rust-lang/crates.io-index"
checksum = "8b870d8c151b6f2fb93e84a13146138f05d02ed11c7e7c54f8826aaaf7c9f184"

[[package]]
name = "pkg-config"
version = "0.3.7"
source = "registry+https://github.com/rust-lang/crates.io-index"
checksum = "56a1585b8fe029b445ae5599d72dcbb38f5860d456a83fdfb79a0d419322ebea"

[[package]]
name = "rand"
version = "0.3.14"
source = "registry+https://github.com/rust-lang/crates.io-index"
checksum = "2791d88c6defac799c3f20d74f094ca33b9332612d9aef9078519c82e4fe04a5"
dependencies = [
 "libc",
]

[[package]]
name = "rblas"
version = "0.0.11"
source = "registry+https://github.com/rust-lang/crates.io-index"
checksum = "218369baac6b3d5d38099371cf17115f0275f5c251fee979e29dea1e61cacd03"
dependencies = [
 "libc",
 "num",
]

[[package]]
name = "regex"
version = "0.1.55"
source = "registry+https://github.com/rust-lang/crates.io-index"
checksum = "6bac9eb930e370cda5a919cf45997527313fece117a55acfa437cfb66cd77e00"
dependencies = [
 "aho-corasick",
 "memchr",
 "regex-syntax",
 "utf8-ranges",
]

[[package]]
name = "regex-syntax"
version = "0.2.5"
source = "registry+https://github.com/rust-lang/crates.io-index"
checksum = "4ff684322f94961c686d3a5a167a7c403afd953061f9fecea0a63ac1b1809e93"

[[package]]
name = "rustc-serialize"
version = "0.3.18"
source = "registry+https://github.com/rust-lang/crates.io-index"
checksum = "9cf81518cd579f8a9c58c0a71328bdb9be15c754181261da82583092dc8a7ff0"

[[package]]
name = "strsim"
version = "0.3.0"
source = "registry+https://github.com/rust-lang/crates.io-index"
checksum = "e4d73a2c36a4d095ed1a6df5cbeac159863173447f7a82b3f4757426844ab825"

[[package]]
name = "time"
version = "0.1.34"
source = "registry+https://github.com/rust-lang/crates.io-index"
checksum = "8c4aeaa1c95974f5763c3a5ac0db95a19793589bcea5d22e161b5587e3aad029"
dependencies = [
 "kernel32-sys",
 "libc",
 "winapi",
]

[[package]]
name = "timeit"
version = "0.1.2"
source = "registry+https://github.com/rust-lang/crates.io-index"
checksum = "8b2942f5edfee7facb569dd9965b649370397d82fe2511383175f15f26eebfa5"
dependencies = [
 "time",
]

[[package]]
name = "tokio"
version = "1.28.2"
source = "registry+https://github.com/rust-lang/crates.io-index"
checksum = "94d7b1cfd2aa4011f2de74c2c4c63665e27a71006b0a192dcd2710272e73dfa2"
dependencies = [
 "autocfg",
 "pin-project-lite",
 "windows-sys",
]

[[package]]
name = "tower-service"
version = "0.3.2"
source = "registry+https://github.com/rust-lang/crates.io-index"
checksum = "b6bc1c9ce2b5135ac7f93c72918fc37feb872bdc6a5533a8b85eb4b86bfdae52"

[[package]]
name = "tracing"
version = "0.1.37"
source = "registry+https://github.com/rust-lang/crates.io-index"
checksum = "8ce8c33a8d48bd45d624a6e523445fd21ec13d3653cd51f681abf67418f54eb8"
dependencies = [
 "cfg-if",
 "pin-project-lite",
 "tracing-core",
]

[[package]]
name = "tracing-core"
version = "0.1.31"
source = "registry+https://github.com/rust-lang/crates.io-index"
checksum = "0955b8137a1df6f1a2e9a37d8a6656291ff0297c1a97c24e0d8425fe2312f79a"
dependencies = [
 "once_cell",
]

[[package]]
name = "try-lock"
version = "0.2.4"
source = "registry+https://github.com/rust-lang/crates.io-index"
checksum = "3528ecfd12c466c6f163363caf2d02a71161dd5e1cc6ae7b34207ea2d42d81ed"

[[package]]
name = "unicode-normalization"
version = "0.1.2"
source = "registry+https://github.com/rust-lang/crates.io-index"
checksum = "26643a2f83bac55f1976fb716c10234485f9202dcd65cfbdf9da49867b271172"

[[package]]
name = "utf8-ranges"
version = "0.1.3"
source = "registry+https://github.com/rust-lang/crates.io-index"
checksum = "a1ca13c08c41c9c3e04224ed9ff80461d97e121589ff27c753a16cb10830ae0f"

[[package]]
name = "want"
version = "0.3.0"
source = "registry+https://github.com/rust-lang/crates.io-index"
checksum = "1ce8a968cb1cd110d136ff8b819a556d6fb6d919363c61534f6860c7eb172ba0"
dependencies = [
 "log 0.4.19",
 "try-lock",
]

[[package]]
name = "winapi"
version = "0.2.5"
source = "registry+https://github.com/rust-lang/crates.io-index"
checksum = "dc3583688b861fcd83c2823d37cf2cd2446c233dd7ba3f97884d1a7302817537"

[[package]]
name = "winapi-build"
version = "0.1.1"
source = "registry+https://github.com/rust-lang/crates.io-index"
checksum = "2d315eee3b34aca4797b2da6b13ed88266e6d612562a0c46390af8299fc699bc"

[[package]]
name = "windows-sys"
version = "0.48.0"
source = "registry+https://github.com/rust-lang/crates.io-index"
checksum = "677d2418bec65e3338edb076e806bc1ec15693c5d0104683f2efe857f61056a9"
dependencies = [
 "windows-targets",
]

[[package]]
name = "windows-targets"
version = "0.48.0"
source = "registry+https://github.com/rust-lang/crates.io-index"
checksum = "7b1eb6f0cd7c80c79759c929114ef071b87354ce476d9d94271031c0497adfd5"
dependencies = [
 "windows_aarch64_gnullvm",
 "windows_aarch64_msvc",
 "windows_i686_gnu",
 "windows_i686_msvc",
 "windows_x86_64_gnu",
 "windows_x86_64_gnullvm",
 "windows_x86_64_msvc",
]

[[package]]
name = "windows_aarch64_gnullvm"
version = "0.48.0"
source = "registry+https://github.com/rust-lang/crates.io-index"
checksum = "91ae572e1b79dba883e0d315474df7305d12f569b400fcf90581b06062f7e1bc"

[[package]]
name = "windows_aarch64_msvc"
version = "0.48.0"
source = "registry+https://github.com/rust-lang/crates.io-index"
checksum = "b2ef27e0d7bdfcfc7b868b317c1d32c641a6fe4629c171b8928c7b08d98d7cf3"

[[package]]
name = "windows_i686_gnu"
version = "0.48.0"
source = "registry+https://github.com/rust-lang/crates.io-index"
checksum = "622a1962a7db830d6fd0a69683c80a18fda201879f0f447f065a3b7467daa241"

[[package]]
name = "windows_i686_msvc"
version = "0.48.0"
source = "registry+https://github.com/rust-lang/crates.io-index"
checksum = "4542c6e364ce21bf45d69fdd2a8e455fa38d316158cfd43b3ac1c5b1b19f8e00"

[[package]]
name = "windows_x86_64_gnu"
version = "0.48.0"
source = "registry+https://github.com/rust-lang/crates.io-index"
checksum = "ca2b8a661f7628cbd23440e50b05d705db3686f894fc9580820623656af974b1"

[[package]]
name = "windows_x86_64_gnullvm"
version = "0.48.0"
source = "registry+https://github.com/rust-lang/crates.io-index"
checksum = "7896dbc1f41e08872e9d5e8f8baa8fdd2677f29468c4e156210174edc7f7b953"

[[package]]
name = "windows_x86_64_msvc"
version = "0.48.0"
source = "registry+https://github.com/rust-lang/crates.io-index"
checksum = "1a515f5799fe4961cb532f983ce2b23082366b898e52ffbce459c86f67c8378a"
